
Microsoft Visual Studio Solution File, Format Version 12.00
# Visual Studio Version 17
VisualStudioVersion = 17.2.32526.322
MinimumVisualStudioVersion = 10.0.40219.1
Project("{FAE04EC0-301F-11D3-BF4B-00C04F79EFBC}") = "Data_Layer", "Data_Layer\Data_Layer.csproj", "{8D0E4856-6655-4476-B317-51D8C9057F4A}"
EndProject
Project("{FAE04EC0-301F-11D3-BF4B-00C04F79EFBC}") = "Logic_Layer", "Logic_Layer\Logic_Layer.csproj", "{8BC0E7F9-CDB6-4766-8322-E6606D7E341D}"
EndProject
Project("{FAE04EC0-301F-11D3-BF4B-00C04F79EFBC}") = "Present_Layer", "Present_Layer\Present_Layer.csproj", "{61D0D3B3-A65B-433D-9A04-CE67DDCCBAF8}"
EndProject
Project("{FAE04EC0-301F-11D3-BF4B-00C04F79EFBC}") = "Entity_Layer", "Entity_Layer\Entity_Layer.csproj", "{8B60F5F2-DE5E-466A-BFF4-C255062EE3FF}"
EndProject
Global
	GlobalSection(SolutionConfigurationPlatforms) = preSolution
		Debug|Any CPU = Debug|Any CPU
		Release|Any CPU = Release|Any CPU
	EndGlobalSection
	GlobalSection(ProjectConfigurationPlatforms) = postSolution
		{8D0E4856-6655-4476-B317-51D8C9057F4A}.Debug|Any CPU.ActiveCfg = Debug|Any CPU
		{8D0E4856-6655-4476-B317-51D8C9057F4A}.Debug|Any CPU.Build.0 = Debug|Any CPU
		{8D0E4856-6655-4476-B317-51D8C9057F4A}.Release|Any CPU.ActiveCfg = Release|Any CPU
		{8D0E4856-6655-4476-B317-51D8C9057F4A}.Release|Any CPU.Build.0 = Release|Any CPU
		{8BC0E7F9-CDB6-4766-8322-E6606D7E341D}.Debug|Any CPU.ActiveCfg = Debug|Any CPU
		{8BC0E7F9-CDB6-4766-8322-E6606D7E341D}.Debug|Any CPU.Build.0 = Debug|Any CPU
		{8BC0E7F9-CDB6-4766-8322-E6606D7E341D}.Release|Any CPU.ActiveCfg = Release|Any CPU
		{8BC0E7F9-CDB6-4766-8322-E6606D7E341D}.Release|Any CPU.Build.0 = Release|Any CPU
		{61D0D3B3-A65B-433D-9A04-CE67DDCCBAF8}.Debug|Any CPU.ActiveCfg = Debug|Any CPU
		{61D0D3B3-A65B-433D-9A04-CE67DDCCBAF8}.Debug|Any CPU.Build.0 = Debug|Any CPU
		{61D0D3B3-A65B-433D-9A04-CE67DDCCBAF8}.Release|Any CPU.ActiveCfg = Release|Any CPU
		{61D0D3B3-A65B-433D-9A04-CE67DDCCBAF8}.Release|Any CPU.Build.0 = Release|Any CPU
		{8B60F5F2-DE5E-466A-BFF4-C255062EE3FF}.Debug|Any CPU.ActiveCfg = Debug|Any CPU
		{8B60F5F2-DE5E-466A-BFF4-C255062EE3FF}.Debug|Any CPU.Build.0 = Debug|Any CPU
		{8B60F5F2-DE5E-466A-BFF4-C255062EE3FF}.Release|Any CPU.ActiveCfg = Release|Any CPU
		{8B60F5F2-DE5E-466A-BFF4-C255062EE3FF}.Release|Any CPU.Build.0 = Release|Any CPU
	EndGlobalSection
	GlobalSection(SolutionProperties) = preSolution
		HideSolutionNode = FALSE
	EndGlobalSection
	GlobalSection(ExtensibilityGlobals) = postSolution
		SolutionGuid = {9833E1CC-CBE8-46DE-AAFA-1E88C4366526}
	EndGlobalSection
EndGlobal
